// !$*UTF8*$!
{
	archiveVersion = 1;
	classes = {
	};
	objectVersion = 50;
	objects = {

/* Begin PBXBuildFile section */
		74728C15291D54F200DEE243 /* SongDetailMenuItem.swift in Sources */ = {isa = PBXBuildFile; fileRef = 74728C14291D54F200DEE243 /* SongDetailMenuItem.swift */; };
		74A5DC47291C017A0083417E /* Song.swift in Sources */ = {isa = PBXBuildFile; fileRef = 74A5DC46291C017A0083417E /* Song.swift */; };
		74A5DC4C291C02AD0083417E /* SongListView.swift in Sources */ = {isa = PBXBuildFile; fileRef = 74A5DC4B291C02AD0083417E /* SongListView.swift */; };
		74A5DC4E291C02BC0083417E /* SongListViewModel.swift in Sources */ = {isa = PBXBuildFile; fileRef = 74A5DC4D291C02BC0083417E /* SongListViewModel.swift */; };
		74A5DC55291C53FA0083417E /* HeaderButton.swift in Sources */ = {isa = PBXBuildFile; fileRef = 74A5DC54291C53FA0083417E /* HeaderButton.swift */; };
		74A5DC57291C55E60083417E /* SongCell.swift in Sources */ = {isa = PBXBuildFile; fileRef = 74A5DC56291C55E60083417E /* SongCell.swift */; };
		74A5DC5A291CFF5B0083417E /* MainTabView.swift in Sources */ = {isa = PBXBuildFile; fileRef = 74A5DC59291CFF5B0083417E /* MainTabView.swift */; };
		74A5DC5C291CFF9A0083417E /* TabBarItem.swift in Sources */ = {isa = PBXBuildFile; fileRef = 74A5DC5B291CFF9A0083417E /* TabBarItem.swift */; };
		74A5DC60291D334F0083417E /* MusicNoteView.swift in Sources */ = {isa = PBXBuildFile; fileRef = 74A5DC5F291D334F0083417E /* MusicNoteView.swift */; };
		D760FA66260FFBBF0029AA1F /* MoozeekApp.swift in Sources */ = {isa = PBXBuildFile; fileRef = D760FA65260FFBBF0029AA1F /* MoozeekApp.swift */; };
		D760FA6A260FFBC00029AA1F /* Assets.xcassets in Resources */ = {isa = PBXBuildFile; fileRef = D760FA69260FFBC00029AA1F /* Assets.xcassets */; };
		D760FA6D260FFBC00029AA1F /* Preview Assets.xcassets in Resources */ = {isa = PBXBuildFile; fileRef = D760FA6C260FFBC00029AA1F /* Preview Assets.xcassets */; };
		D79E21BE2610FAAE003DA2D2 /* MusicPlayerBar.swift in Sources */ = {isa = PBXBuildFile; fileRef = D79E21BD2610FAAE003DA2D2 /* MusicPlayerBar.swift */; };
		D79E21C12610FBCD003DA2D2 /* MusicPlayer.swift in Sources */ = {isa = PBXBuildFile; fileRef = D79E21C02610FBCD003DA2D2 /* MusicPlayer.swift */; };
		D79E21C42610FC36003DA2D2 /* Style.swift in Sources */ = {isa = PBXBuildFile; fileRef = D79E21C32610FC36003DA2D2 /* Style.swift */; };
/* End PBXBuildFile section */

/* Begin PBXFileReference section */
		74728C14291D54F200DEE243 /* SongDetailMenuItem.swift */ = {isa = PBXFileReference; lastKnownFileType = sourcecode.swift; path = SongDetailMenuItem.swift; sourceTree = "<group>"; };
		74A5DC46291C017A0083417E /* Song.swift */ = {isa = PBXFileReference; lastKnownFileType = sourcecode.swift; path = Song.swift; sourceTree = "<group>"; };
		74A5DC4B291C02AD0083417E /* SongListView.swift */ = {isa = PBXFileReference; lastKnownFileType = sourcecode.swift; path = SongListView.swift; sourceTree = "<group>"; };
		74A5DC4D291C02BC0083417E /* SongListViewModel.swift */ = {isa = PBXFileReference; lastKnownFileType = sourcecode.swift; path = SongListViewModel.swift; sourceTree = "<group>"; };
		74A5DC54291C53FA0083417E /* HeaderButton.swift */ = {isa = PBXFileReference; lastKnownFileType = sourcecode.swift; path = HeaderButton.swift; sourceTree = "<group>"; };
		74A5DC56291C55E60083417E /* SongCell.swift */ = {isa = PBXFileReference; lastKnownFileType = sourcecode.swift; path = SongCell.swift; sourceTree = "<group>"; };
		74A5DC59291CFF5B0083417E /* MainTabView.swift */ = {isa = PBXFileReference; lastKnownFileType = sourcecode.swift; path = MainTabView.swift; sourceTree = "<group>"; };
		74A5DC5B291CFF9A0083417E /* TabBarItem.swift */ = {isa = PBXFileReference; lastKnownFileType = sourcecode.swift; path = TabBarItem.swift; sourceTree = "<group>"; };
		74A5DC5F291D334F0083417E /* MusicNoteView.swift */ = {isa = PBXFileReference; lastKnownFileType = sourcecode.swift; path = MusicNoteView.swift; sourceTree = "<group>"; };
		D760FA62260FFBBF0029AA1F /* moozeek-swiftui.app */ = {isa = PBXFileReference; explicitFileType = wrapper.application; includeInIndex = 0; path = "moozeek-swiftui.app"; sourceTree = BUILT_PRODUCTS_DIR; };
		D760FA65260FFBBF0029AA1F /* MoozeekApp.swift */ = {isa = PBXFileReference; lastKnownFileType = sourcecode.swift; path = MoozeekApp.swift; sourceTree = "<group>"; };
		D760FA69260FFBC00029AA1F /* Assets.xcassets */ = {isa = PBXFileReference; lastKnownFileType = folder.assetcatalog; path = Assets.xcassets; sourceTree = "<group>"; };
		D760FA6C260FFBC00029AA1F /* Preview Assets.xcassets */ = {isa = PBXFileReference; lastKnownFileType = folder.assetcatalog; path = "Preview Assets.xcassets"; sourceTree = "<group>"; };
		D760FA6E260FFBC00029AA1F /* Info.plist */ = {isa = PBXFileReference; lastKnownFileType = text.plist.xml; path = Info.plist; sourceTree = "<group>"; };
		D79E21BD2610FAAE003DA2D2 /* MusicPlayerBar.swift */ = {isa = PBXFileReference; lastKnownFileType = sourcecode.swift; path = MusicPlayerBar.swift; sourceTree = "<group>"; };
		D79E21C02610FBCD003DA2D2 /* MusicPlayer.swift */ = {isa = PBXFileReference; lastKnownFileType = sourcecode.swift; path = MusicPlayer.swift; sourceTree = "<group>"; };
		D79E21C32610FC36003DA2D2 /* Style.swift */ = {isa = PBXFileReference; lastKnownFileType = sourcecode.swift; path = Style.swift; sourceTree = "<group>"; };
/* End PBXFileReference section */

/* Begin PBXFrameworksBuildPhase section */
		D760FA5F260FFBBF0029AA1F /* Frameworks */ = {
			isa = PBXFrameworksBuildPhase;
			buildActionMask = 2147483647;
			files = (
			);
			runOnlyForDeploymentPostprocessing = 0;
		};
/* End PBXFrameworksBuildPhase section */

/* Begin PBXGroup section */
		74A5DC48291C02300083417E /* App */ = {
			isa = PBXGroup;
			children = (
				D760FA65260FFBBF0029AA1F /* MoozeekApp.swift */,
				D760FA6E260FFBC00029AA1F /* Info.plist */,
			);
			path = App;
			sourceTree = "<group>";
		};
		74A5DC49291C027A0083417E /* Features */ = {
			isa = PBXGroup;
			children = (
				74A5DC58291CFF430083417E /* MainTabView */,
				74A5DC4A291C02950083417E /* SongList */,
				74A5DC52291C056F0083417E /* MusicPlayerBar */,
				74A5DC51291C055D0083417E /* MusicPlayer */,
			);
			path = Features;
			sourceTree = "<group>";
		};
		74A5DC4A291C02950083417E /* SongList */ = {
			isa = PBXGroup;
			children = (
				74A5DC4B291C02AD0083417E /* SongListView.swift */,
				74A5DC4D291C02BC0083417E /* SongListViewModel.swift */,
				74A5DC54291C53FA0083417E /* HeaderButton.swift */,
				74A5DC56291C55E60083417E /* SongCell.swift */,
				74A5DC5F291D334F0083417E /* MusicNoteView.swift */,
			);
			path = SongList;
			sourceTree = "<group>";
		};
		74A5DC4F291C05350083417E /* Shared */ = {
			isa = PBXGroup;
			children = (
				74A5DC53291C059C0083417E /* Styles */,
				74A5DC50291C053C0083417E /* Models */,
			);
			path = Shared;
			sourceTree = "<group>";
		};
		74A5DC50291C053C0083417E /* Models */ = {
			isa = PBXGroup;
			children = (
				74728C14291D54F200DEE243 /* SongDetailMenuItem.swift */,
				74A5DC46291C017A0083417E /* Song.swift */,
			);
			path = Models;
			sourceTree = "<group>";
		};
		74A5DC51291C055D0083417E /* MusicPlayer */ = {
			isa = PBXGroup;
			children = (
				D79E21C02610FBCD003DA2D2 /* MusicPlayer.swift */,
			);
			path = MusicPlayer;
			sourceTree = "<group>";
		};
		74A5DC52291C056F0083417E /* MusicPlayerBar */ = {
			isa = PBXGroup;
			children = (
				D79E21BD2610FAAE003DA2D2 /* MusicPlayerBar.swift */,
			);
			path = MusicPlayerBar;
			sourceTree = "<group>";
		};
		74A5DC53291C059C0083417E /* Styles */ = {
			isa = PBXGroup;
			children = (
				D79E21C32610FC36003DA2D2 /* Style.swift */,
			);
			path = Styles;
			sourceTree = "<group>";
		};
		74A5DC58291CFF430083417E /* MainTabView */ = {
			isa = PBXGroup;
			children = (
				74A5DC59291CFF5B0083417E /* MainTabView.swift */,
				74A5DC5B291CFF9A0083417E /* TabBarItem.swift */,
			);
			path = MainTabView;
			sourceTree = "<group>";
		};
		D760FA59260FFBBF0029AA1F = {
			isa = PBXGroup;
			children = (
				D760FA64260FFBBF0029AA1F /* moozeek-swiftui */,
				D760FA63260FFBBF0029AA1F /* Products */,
			);
			sourceTree = "<group>";
		};
		D760FA63260FFBBF0029AA1F /* Products */ = {
			isa = PBXGroup;
			children = (
				D760FA62260FFBBF0029AA1F /* moozeek-swiftui.app */,
			);
			name = Products;
			sourceTree = "<group>";
		};
		D760FA64260FFBBF0029AA1F /* moozeek-swiftui */ = {
			isa = PBXGroup;
			children = (
				74A5DC48291C02300083417E /* App */,
				74A5DC4F291C05350083417E /* Shared */,
				74A5DC49291C027A0083417E /* Features */,
				D760FA69260FFBC00029AA1F /* Assets.xcassets */,
				D760FA6B260FFBC00029AA1F /* Preview Content */,
			);
			path = "moozeek-swiftui";
			sourceTree = "<group>";
		};
		D760FA6B260FFBC00029AA1F /* Preview Content */ = {
			isa = PBXGroup;
			children = (
				D760FA6C260FFBC00029AA1F /* Preview Assets.xcassets */,
			);
			path = "Preview Content";
			sourceTree = "<group>";
		};
/* End PBXGroup section */

/* Begin PBXNativeTarget section */
		D760FA61260FFBBF0029AA1F /* moozeek-swiftui */ = {
			isa = PBXNativeTarget;
			buildConfigurationList = D760FA71260FFBC00029AA1F /* Build configuration list for PBXNativeTarget "moozeek-swiftui" */;
			buildPhases = (
				D760FA5E260FFBBF0029AA1F /* Sources */,
				D760FA5F260FFBBF0029AA1F /* Frameworks */,
				D760FA60260FFBBF0029AA1F /* Resources */,
			);
			buildRules = (
			);
			dependencies = (
			);
			name = "moozeek-swiftui";
			productName = "moozeek-swiftui";
			productReference = D760FA62260FFBBF0029AA1F /* moozeek-swiftui.app */;
			productType = "com.apple.product-type.application";
		};
/* End PBXNativeTarget section */

/* Begin PBXProject section */
		D760FA5A260FFBBF0029AA1F /* Project object */ = {
			isa = PBXProject;
			attributes = {
				LastSwiftUpdateCheck = 1240;
				LastUpgradeCheck = 1240;
				TargetAttributes = {
					D760FA61260FFBBF0029AA1F = {
						CreatedOnToolsVersion = 12.4;
					};
				};
			};
			buildConfigurationList = D760FA5D260FFBBF0029AA1F /* Build configuration list for PBXProject "moozeek-swiftui" */;
			compatibilityVersion = "Xcode 9.3";
			developmentRegion = en;
			hasScannedForEncodings = 0;
			knownRegions = (
				en,
				Base,
			);
			mainGroup = D760FA59260FFBBF0029AA1F;
			productRefGroup = D760FA63260FFBBF0029AA1F /* Products */;
			projectDirPath = "";
			projectRoot = "";
			targets = (
				D760FA61260FFBBF0029AA1F /* moozeek-swiftui */,
			);
		};
/* End PBXProject section */

/* Begin PBXResourcesBuildPhase section */
		D760FA60260FFBBF0029AA1F /* Resources */ = {
			isa = PBXResourcesBuildPhase;
			buildActionMask = 2147483647;
			files = (
				D760FA6D260FFBC00029AA1F /* Preview Assets.xcassets in Resources */,
				D760FA6A260FFBC00029AA1F /* Assets.xcassets in Resources */,
			);
			runOnlyForDeploymentPostprocessing = 0;
		};
/* End PBXResourcesBuildPhase section */

/* Begin PBXSourcesBuildPhase section */
		D760FA5E260FFBBF0029AA1F /* Sources */ = {
			isa = PBXSourcesBuildPhase;
			buildActionMask = 2147483647;
			files = (
				74A5DC47291C017A0083417E /* Song.swift in Sources */,
				74A5DC4E291C02BC0083417E /* SongListViewModel.swift in Sources */,
				74A5DC55291C53FA0083417E /* HeaderButton.swift in Sources */,
				74728C15291D54F200DEE243 /* SongDetailMenuItem.swift in Sources */,
				D79E21C42610FC36003DA2D2 /* Style.swift in Sources */,
				74A5DC60291D334F0083417E /* MusicNoteView.swift in Sources */,
				74A5DC5C291CFF9A0083417E /* TabBarItem.swift in Sources */,
				D79E21BE2610FAAE003DA2D2 /* MusicPlayerBar.swift in Sources */,
				D79E21C12610FBCD003DA2D2 /* MusicPlayer.swift in Sources */,
				74A5DC4C291C02AD0083417E /* SongListView.swift in Sources */,
				74A5DC57291C55E60083417E /* SongCell.swift in Sources */,
				D760FA66260FFBBF0029AA1F /* MoozeekApp.swift in Sources */,
				74A5DC5A291CFF5B0083417E /* MainTabView.swift in Sources */,
			);
			runOnlyForDeploymentPostprocessing = 0;
		};
/* End PBXSourcesBuildPhase section */

/* Begin XCBuildConfiguration section */
		D760FA6F260FFBC00029AA1F /* Debug */ = {
			isa = XCBuildConfiguration;
			buildSettings = {
				ALWAYS_SEARCH_USER_PATHS = NO;
				CLANG_ANALYZER_NONNULL = YES;
				CLANG_ANALYZER_NUMBER_OBJECT_CONVERSION = YES_AGGRESSIVE;
				CLANG_CXX_LANGUAGE_STANDARD = "gnu++14";
				CLANG_CXX_LIBRARY = "libc++";
				CLANG_ENABLE_MODULES = YES;
				CLANG_ENABLE_OBJC_ARC = YES;
				CLANG_ENABLE_OBJC_WEAK = YES;
				CLANG_WARN_BLOCK_CAPTURE_AUTORELEASING = YES;
				CLANG_WARN_BOOL_CONVERSION = YES;
				CLANG_WARN_COMMA = YES;
				CLANG_WARN_CONSTANT_CONVERSION = YES;
				CLANG_WARN_DEPRECATED_OBJC_IMPLEMENTATIONS = YES;
				CLANG_WARN_DIRECT_OBJC_ISA_USAGE = YES_ERROR;
				CLANG_WARN_DOCUMENTATION_COMMENTS = YES;
				CLANG_WARN_EMPTY_BODY = YES;
				CLANG_WARN_ENUM_CONVERSION = YES;
				CLANG_WARN_INFINITE_RECURSION = YES;
				CLANG_WARN_INT_CONVERSION = YES;
				CLANG_WARN_NON_LITERAL_NULL_CONVERSION = YES;
				CLANG_WARN_OBJC_IMPLICIT_RETAIN_SELF = YES;
				CLANG_WARN_OBJC_LITERAL_CONVERSION = YES;
				CLANG_WARN_OBJC_ROOT_CLASS = YES_ERROR;
				CLANG_WARN_QUOTED_INCLUDE_IN_FRAMEWORK_HEADER = YES;
				CLANG_WARN_RANGE_LOOP_ANALYSIS = YES;
				CLANG_WARN_STRICT_PROTOTYPES = YES;
				CLANG_WARN_SUSPICIOUS_MOVE = YES;
				CLANG_WARN_UNGUARDED_AVAILABILITY = YES_AGGRESSIVE;
				CLANG_WARN_UNREACHABLE_CODE = YES;
				CLANG_WARN__DUPLICATE_METHOD_MATCH = YES;
				COPY_PHASE_STRIP = NO;
				DEBUG_INFORMATION_FORMAT = dwarf;
				ENABLE_STRICT_OBJC_MSGSEND = YES;
				ENABLE_TESTABILITY = YES;
				GCC_C_LANGUAGE_STANDARD = gnu11;
				GCC_DYNAMIC_NO_PIC = NO;
				GCC_NO_COMMON_BLOCKS = YES;
				GCC_OPTIMIZATION_LEVEL = 0;
				GCC_PREPROCESSOR_DEFINITIONS = (
					"DEBUG=1",
					"$(inherited)",
				);
				GCC_WARN_64_TO_32_BIT_CONVERSION = YES;
				GCC_WARN_ABOUT_RETURN_TYPE = YES_ERROR;
				GCC_WARN_UNDECLARED_SELECTOR = YES;
				GCC_WARN_UNINITIALIZED_AUTOS = YES_AGGRESSIVE;
				GCC_WARN_UNUSED_FUNCTION = YES;
				GCC_WARN_UNUSED_VARIABLE = YES;
				IPHONEOS_DEPLOYMENT_TARGET = 16.0;
				MTL_ENABLE_DEBUG_INFO = INCLUDE_SOURCE;
				MTL_FAST_MATH = YES;
				ONLY_ACTIVE_ARCH = YES;
				SDKROOT = iphoneos;
				SWIFT_ACTIVE_COMPILATION_CONDITIONS = DEBUG;
				SWIFT_OPTIMIZATION_LEVEL = "-Onone";
			};
			name = Debug;
		};
		D760FA70260FFBC00029AA1F /* Release */ = {
			isa = XCBuildConfiguration;
			buildSettings = {
				ALWAYS_SEARCH_USER_PATHS = NO;
				CLANG_ANALYZER_NONNULL = YES;
				CLANG_ANALYZER_NUMBER_OBJECT_CONVERSION = YES_AGGRESSIVE;
				CLANG_CXX_LANGUAGE_STANDARD = "gnu++14";
				CLANG_CXX_LIBRARY = "libc++";
				CLANG_ENABLE_MODULES = YES;
				CLANG_ENABLE_OBJC_ARC = YES;
				CLANG_ENABLE_OBJC_WEAK = YES;
				CLANG_WARN_BLOCK_CAPTURE_AUTORELEASING = YES;
				CLANG_WARN_BOOL_CONVERSION = YES;
				CLANG_WARN_COMMA = YES;
				CLANG_WARN_CONSTANT_CONVERSION = YES;
				CLANG_WARN_DEPRECATED_OBJC_IMPLEMENTATIONS = YES;
				CLANG_WARN_DIRECT_OBJC_ISA_USAGE = YES_ERROR;
				CLANG_WARN_DOCUMENTATION_COMMENTS = YES;
				CLANG_WARN_EMPTY_BODY = YES;
				CLANG_WARN_ENUM_CONVERSION = YES;
				CLANG_WARN_INFINITE_RECURSION = YES;
				CLANG_WARN_INT_CONVERSION = YES;
				CLANG_WARN_NON_LITERAL_NULL_CONVERSION = YES;
				CLANG_WARN_OBJC_IMPLICIT_RETAIN_SELF = YES;
				CLANG_WARN_OBJC_LITERAL_CONVERSION = YES;
				CLANG_WARN_OBJC_ROOT_CLASS = YES_ERROR;
				CLANG_WARN_QUOTED_INCLUDE_IN_FRAMEWORK_HEADER = YES;
				CLANG_WARN_RANGE_LOOP_ANALYSIS = YES;
				CLANG_WARN_STRICT_PROTOTYPES = YES;
				CLANG_WARN_SUSPICIOUS_MOVE = YES;
				CLANG_WARN_UNGUARDED_AVAILABILITY = YES_AGGRESSIVE;
				CLANG_WARN_UNREACHABLE_CODE = YES;
				CLANG_WARN__DUPLICATE_METHOD_MATCH = YES;
				COPY_PHASE_STRIP = NO;
				DEBUG_INFORMATION_FORMAT = "dwarf-with-dsym";
				ENABLE_NS_ASSERTIONS = NO;
				ENABLE_STRICT_OBJC_MSGSEND = YES;
				GCC_C_LANGUAGE_STANDARD = gnu11;
				GCC_NO_COMMON_BLOCKS = YES;
				GCC_WARN_64_TO_32_BIT_CONVERSION = YES;
				GCC_WARN_ABOUT_RETURN_TYPE = YES_ERROR;
				GCC_WARN_UNDECLARED_SELECTOR = YES;
				GCC_WARN_UNINITIALIZED_AUTOS = YES_AGGRESSIVE;
				GCC_WARN_UNUSED_FUNCTION = YES;
				GCC_WARN_UNUSED_VARIABLE = YES;
				IPHONEOS_DEPLOYMENT_TARGET = 16.0;
				MTL_ENABLE_DEBUG_INFO = NO;
				MTL_FAST_MATH = YES;
				SDKROOT = iphoneos;
				SWIFT_COMPILATION_MODE = wholemodule;
				SWIFT_OPTIMIZATION_LEVEL = "-O";
				VALIDATE_PRODUCT = YES;
			};
			name = Release;
		};
		D760FA72260FFBC00029AA1F /* Debug */ = {
			isa = XCBuildConfiguration;
			buildSettings = {
				ASSETCATALOG_COMPILER_APPICON_NAME = AppIcon;
				ASSETCATALOG_COMPILER_GLOBAL_ACCENT_COLOR_NAME = AccentColor;
				CODE_SIGN_STYLE = Automatic;
				DEVELOPMENT_ASSET_PATHS = "\"moozeek-swiftui/Preview Content\"";
				DEVELOPMENT_TEAM = TLWQ546V2V;
				ENABLE_PREVIEWS = YES;
				INFOPLIST_FILE = "moozeek-swiftui/App/Info.plist";
				IPHONEOS_DEPLOYMENT_TARGET = 16.0;
				LD_RUNPATH_SEARCH_PATHS = (
					"$(inherited)",
					"@executable_path/Frameworks",
				);
				PRODUCT_BUNDLE_IDENTIFIER = "com.josiprezic.moozeek-swiftui";
				PRODUCT_NAME = "$(TARGET_NAME)";
				SWIFT_VERSION = 5.0;
				TARGETED_DEVICE_FAMILY = "1,2";
			};
			name = Debug;
		};
		D760FA73260FFBC00029AA1F /* Release */ = {
			isa = XCBuildConfiguration;
			buildSettings = {
				ASSETCATALOG_COMPILER_APPICON_NAME = AppIcon;
				ASSETCATALOG_COMPILER_GLOBAL_ACCENT_COLOR_NAME = AccentColor;
				CODE_SIGN_STYLE = Automatic;
				DEVELOPMENT_ASSET_PATHS = "\"moozeek-swiftui/Preview Content\"";
				DEVELOPMENT_TEAM = TLWQ546V2V;
				ENABLE_PREVIEWS = YES;
				INFOPLIST_FILE = "moozeek-swiftui/App/Info.plist";
				IPHONEOS_DEPLOYMENT_TARGET = 16.0;
				LD_RUNPATH_SEARCH_PATHS = (
					"$(inherited)",
					"@executable_path/Frameworks",
				);
				PRODUCT_BUNDLE_IDENTIFIER = "com.josiprezic.moozeek-swiftui";
				PRODUCT_NAME = "$(TARGET_NAME)";
				SWIFT_VERSION = 5.0;
				TARGETED_DEVICE_FAMILY = "1,2";
			};
			name = Release;
		};
/* End XCBuildConfiguration section */

/* Begin XCConfigurationList section */
		D760FA5D260FFBBF0029AA1F /* Build configuration list for PBXProject "moozeek-swiftui" */ = {
			isa = XCConfigurationList;
			buildConfigurations = (
				D760FA6F260FFBC00029AA1F /* Debug */,
				D760FA70260FFBC00029AA1F /* Release */,
			);
			defaultConfigurationIsVisible = 0;
			defaultConfigurationName = Release;
		};
		D760FA71260FFBC00029AA1F /* Build configuration list for PBXNativeTarget "moozeek-swiftui" */ = {
			isa = XCConfigurationList;
			buildConfigurations = (
				D760FA72260FFBC00029AA1F /* Debug */,
				D760FA73260FFBC00029AA1F /* Release */,
			);
			defaultConfigurationIsVisible = 0;
			defaultConfigurationName = Release;
		};
/* End XCConfigurationList section */
	};
	rootObject = D760FA5A260FFBBF0029AA1F /* Project object */;
}
