{
  "originHash" : "50c18a2e3aacf6ed2bf58d8d4dc1f7c167c9cfc66e0f0098f3d6720778ee8105",
  "pins" : [
    {
      "identity" : "resolver",
      "kind" : "remoteSourceControl",
      "location" : "https://github.com/hmlongco/Resolver",
      "state" : {
        "revision" : "97de0b0320036607564af4a60025b48f8d041221",
        "version" : "1.5.0"
      }
    },
    {
      "identity" : "xcdyoutubekit",
      "kind" : "remoteSourceControl",
      "location" : "https://github.com/Coppertino/XCDYouTubeKit",
      "state" : {
        "revision" : "450d01794140ff62284fd6d035dba1f577bd7dd2",
        "version" : "2.16.0"
      }
    }
  ],
  "version" : 3
}
