{
  "pins" : [
    {
      "identity" : "resolver",
      "kind" : "remoteSourceControl",
      "location" : "https://github.com/hmlongco/Resolver",
      "state" : {
        "revision" : "97de0b0320036607564af4a60025b48f8d041221",
        "version" : "1.5.0"
      }
    },
    {
      "identity" : "xcdyoutubekit",
      "kind" : "remoteSourceControl",
      "location" : "https://github.com/0xced/XCDYouTubeKit.git",
      "state" : {
        "revision" : "23f765941b36d6d28215ab81a37af1039d29138b",
        "version" : "2.15.2"
      }
    }
  ],
  "version" : 2
}
